
Microsoft Visual Studio Solution File, Format Version 12.00
# Visual Studio Version 16
VisualStudioVersion = 16.0.31702.278
MinimumVisualStudioVersion = 10.0.40219.1
Project("{FAE04EC0-301F-11D3-BF4B-00C04F79EFBC}") = "hw", "hw\hw.csproj", "{BAF0A676-552F-4756-A7BF-695916080485}"
EndProject
Project("{FAE04EC0-301F-11D3-BF4B-00C04F79EFBC}") = "metodichka", "metodichka\metodichka.csproj", "{C60581EE-932B-4EB0-9CCD-E39D6DE88C7E}"
EndProject
Project("{2150E333-8FDC-42A3-9474-1A3956D46DE8}") = "Solution Items", "Solution Items", "{B4EA89F1-851A-48E5-8ECB-5A277BB1F4D6}"
	ProjectSection(SolutionItems) = preProject
		.editorconfig = .editorconfig
	EndProjectSection
EndProject
Global
	GlobalSection(SolutionConfigurationPlatforms) = preSolution
		Debug|Any CPU = Debug|Any CPU
		Release|Any CPU = Release|Any CPU
	EndGlobalSection
	GlobalSection(ProjectConfigurationPlatforms) = postSolution
		{BAF0A676-552F-4756-A7BF-695916080485}.Debug|Any CPU.ActiveCfg = Debug|Any CPU
		{BAF0A676-552F-4756-A7BF-695916080485}.Debug|Any CPU.Build.0 = Debug|Any CPU
		{BAF0A676-552F-4756-A7BF-695916080485}.Release|Any CPU.ActiveCfg = Release|Any CPU
		{BAF0A676-552F-4756-A7BF-695916080485}.Release|Any CPU.Build.0 = Release|Any CPU
		{C60581EE-932B-4EB0-9CCD-E39D6DE88C7E}.Debug|Any CPU.ActiveCfg = Debug|Any CPU
		{C60581EE-932B-4EB0-9CCD-E39D6DE88C7E}.Debug|Any CPU.Build.0 = Debug|Any CPU
		{C60581EE-932B-4EB0-9CCD-E39D6DE88C7E}.Release|Any CPU.ActiveCfg = Release|Any CPU
		{C60581EE-932B-4EB0-9CCD-E39D6DE88C7E}.Release|Any CPU.Build.0 = Release|Any CPU
	EndGlobalSection
	GlobalSection(SolutionProperties) = preSolution
		HideSolutionNode = FALSE
	EndGlobalSection
	GlobalSection(ExtensibilityGlobals) = postSolution
		SolutionGuid = {CDEEBEDC-233E-4FB9-ABCD-A7CAF5BFC1F3}
	EndGlobalSection
EndGlobal
